Microsoft Visual Studio Solution File, Format Version 12.00
# Visual Studio Version 17
VisualStudioVersion = 17.6.33723.286
MinimumVisualStudioVersion = 10.0.40219.1
Project("{F184B08F-C81C-45F6-A57F-5ABD9991F28F}") = "fluidEffectDemo", "fluidEffectDemo.vbproj", "{DE715C8A-3CEC-4C05-A9D4-56FD86A037BA}"
EndProject
Global
	GlobalSection(SolutionConfigurationPlatforms) = preSolution
		Debug|Any CPU = Debug|Any CPU
		Release|Any CPU = Release|Any CPU
	EndGlobalSection
	GlobalSection(ProjectConfigurationPlatforms) = postSolution
		{DE715C8A-3CEC-4C05-A9D4-56FD86A037BA}.Debug|Any CPU.ActiveCfg = Debug|Any CPU
		{DE715C8A-3CEC-4C05-A9D4-56FD86A037BA}.Debug|Any CPU.Build.0 = Debug|Any CPU
		{DE715C8A-3CEC-4C05-A9D4-56FD86A037BA}.Release|Any CPU.ActiveCfg = Release|Any CPU
		{DE715C8A-3CEC-4C05-A9D4-56FD86A037BA}.Release|Any CPU.Build.0 = Release|Any CPU
	EndGlobalSection
	GlobalSection(SolutionProperties) = preSolution
		HideSolutionNode = FALSE
	EndGlobalSection
	GlobalSection(ExtensibilityGlobals) = postSolution
		SolutionGuid = {BA7EA6F4-1D05-44CC-8289-ECB7CF0E4EFE}
	EndGlobalSection
EndGlobal
